
Microsoft Visual Studio Solution File, Format Version 12.00
# Visual Studio 15
VisualStudioVersion = 15.0.27130.2024
MinimumVisualStudioVersion = 10.0.40219.1
Project("{FAE04EC0-301F-11D3-BF4B-00C04F79EFBC}") = "MarioAI", "MarioAI.csproj", "{18091B9E-41D9-46E0-B7F8-15F30FD29DDB}"
EndProject
Global
	GlobalSection(SolutionConfigurationPlatforms) = preSolution
		Debug|Any CPU = Debug|Any CPU
		Release|Any CPU = Release|Any CPU
	EndGlobalSection
	GlobalSection(ProjectConfigurationPlatforms) = postSolution
		{18091B9E-41D9-46E0-B7F8-15F30FD29DDB}.Debug|Any CPU.ActiveCfg = Debug|Any CPU
		{18091B9E-41D9-46E0-B7F8-15F30FD29DDB}.Debug|Any CPU.Build.0 = Debug|Any CPU
		{18091B9E-41D9-46E0-B7F8-15F30FD29DDB}.Release|Any CPU.ActiveCfg = Release|Any CPU
		{18091B9E-41D9-46E0-B7F8-15F30FD29DDB}.Release|Any CPU.Build.0 = Release|Any CPU
	EndGlobalSection
	GlobalSection(SolutionProperties) = preSolution
		HideSolutionNode = FALSE
	EndGlobalSection
	GlobalSection(ExtensibilityGlobals) = postSolution
		SolutionGuid = {A95A7AB3-23E8-4C4E-B4C0-248207224F3F}
	EndGlobalSection
EndGlobal
